
Microsoft Visual Studio Solution File, Format Version 12.00
# Visual Studio 2013
VisualStudioVersion = 12.0.40629.0
MinimumVisualStudioVersion = 10.0.40219.1
Project("{FAE04EC0-301F-11D3-BF4B-00C04F79EFBC}") = "UmbracoTest.Ui", "UmbracoTest.Ui\UmbracoTest.Ui.csproj", "{FFD9E69C-0A51-43D3-A83B-858A89BC4623}"
EndProject
Global
	GlobalSection(SolutionConfigurationPlatforms) = preSolution
		Debug|Any CPU = Debug|Any CPU
		Release|Any CPU = Release|Any CPU
	EndGlobalSection
	GlobalSection(ProjectConfigurationPlatforms) = postSolution
		{FFD9E69C-0A51-43D3-A83B-858A89BC4623}.Debug|Any CPU.ActiveCfg = Debug|Any CPU
		{FFD9E69C-0A51-43D3-A83B-858A89BC4623}.Debug|Any CPU.Build.0 = Debug|Any CPU
		{FFD9E69C-0A51-43D3-A83B-858A89BC4623}.Release|Any CPU.ActiveCfg = Release|Any CPU
		{FFD9E69C-0A51-43D3-A83B-858A89BC4623}.Release|Any CPU.Build.0 = Release|Any CPU
	EndGlobalSection
	GlobalSection(SolutionProperties) = preSolution
		HideSolutionNode = FALSE
	EndGlobalSection
EndGlobal
